// !$*UTF8*$!
{
	archiveVersion = 1;
	classes = {
	};
	objectVersion = 56;
	objects = {

/* Begin PBXBuildFile section */
		BE02B7F62B719A9F0093AA4F /* Flavor_FusionApp.swift in Sources */ = {isa = PBXBuildFile; fileRef = BE02B7F52B719A9F0093AA4F /* Flavor_FusionApp.swift */; };
		BE02B7F82B719A9F0093AA4F /* ContentView.swift in Sources */ = {isa = PBXBuildFile; fileRef = BE02B7F72B719A9F0093AA4F /* ContentView.swift */; };
		BE02B7FA2B719AA00093AA4F /* Assets.xcassets in Resources */ = {isa = PBXBuildFile; fileRef = BE02B7F92B719AA00093AA4F /* Assets.xcassets */; };
		BE02B7FE2B719AA00093AA4F /* Preview Assets.xcassets in Resources */ = {isa = PBXBuildFile; fileRef = BE02B7FD2B719AA00093AA4F /* Preview Assets.xcassets */; };
		BE02B8082B719AA10093AA4F /* Flavor_FusionTests.swift in Sources */ = {isa = PBXBuildFile; fileRef = BE02B8072B719AA10093AA4F /* Flavor_FusionTests.swift */; };
		BE02B8122B719AA10093AA4F /* Flavor_FusionUITests.swift in Sources */ = {isa = PBXBuildFile; fileRef = BE02B8112B719AA10093AA4F /* Flavor_FusionUITests.swift */; };
		BE02B8142B719AA10093AA4F /* Flavor_FusionUITestsLaunchTests.swift in Sources */ = {isa = PBXBuildFile; fileRef = BE02B8132B719AA10093AA4F /* Flavor_FusionUITestsLaunchTests.swift */; };
		BE1C9D7C2BB8644D00D597FC /* RecipeList.swift in Sources */ = {isa = PBXBuildFile; fileRef = BE1C9D7B2BB8644D00D597FC /* RecipeList.swift */; };
		BE1C9D7E2BB8667200D597FC /* NewBlendView.swift in Sources */ = {isa = PBXBuildFile; fileRef = BE1C9D7D2BB8667200D597FC /* NewBlendView.swift */; };
		BE1C9D802BB8680000D597FC /* SpiceColumns.swift in Sources */ = {isa = PBXBuildFile; fileRef = BE1C9D7F2BB8680000D597FC /* SpiceColumns.swift */; };
		BE1C9D822BB8D3A400D597FC /* SpiceBlendSelections.swift in Sources */ = {isa = PBXBuildFile; fileRef = BE1C9D812BB8D3A400D597FC /* SpiceBlendSelections.swift */; };
		BE1C9D882BBA487D00D597FC /* RecipeBookBackground.swift in Sources */ = {isa = PBXBuildFile; fileRef = BE1C9D872BBA487D00D597FC /* RecipeBookBackground.swift */; };
		BE1C9D8A2BBA488F00D597FC /* ListBackground.swift in Sources */ = {isa = PBXBuildFile; fileRef = BE1C9D892BBA488F00D597FC /* ListBackground.swift */; };
		BE2431D62BF04CE400B77990 /* BLEManager.swift in Sources */ = {isa = PBXBuildFile; fileRef = BE2431D52BF04CE400B77990 /* BLEManager.swift */; };
		BE2431D82BF051DB00B77990 /* ExistingBlendView.swift in Sources */ = {isa = PBXBuildFile; fileRef = BE2431D72BF051DB00B77990 /* ExistingBlendView.swift */; };
		BE35352E2B86B69100806E7D /* AddRecipeView.swift in Sources */ = {isa = PBXBuildFile; fileRef = BE35352D2B86B69100806E7D /* AddRecipeView.swift */; };
		BE3535322B87080B00806E7D /* SpiceRowTests.swift in Sources */ = {isa = PBXBuildFile; fileRef = BE3535312B87080B00806E7D /* SpiceRowTests.swift */; };
		BE70987E2BB0DDEA00E04F11 /* List.swift in Sources */ = {isa = PBXBuildFile; fileRef = BE70987D2BB0DDEA00E04F11 /* List.swift */; };
		BE7098802BB0DE9400E04F11 /* SpicePopupView.swift in Sources */ = {isa = PBXBuildFile; fileRef = BE70987F2BB0DE9400E04F11 /* SpicePopupView.swift */; };
		BE7098872BB0E18E00E04F11 /* ListTabView.swift in Sources */ = {isa = PBXBuildFile; fileRef = BE7098862BB0E18E00E04F11 /* ListTabView.swift */; };
		BE70988B2BB0E3D900E04F11 /* SettingsView.swift in Sources */ = {isa = PBXBuildFile; fileRef = BE70988A2BB0E3D900E04F11 /* SettingsView.swift */; };
		BE70988D2BB0E41300E04F11 /* AboutView.swift in Sources */ = {isa = PBXBuildFile; fileRef = BE70988C2BB0E41300E04F11 /* AboutView.swift */; };
		BE7098912BB0E98F00E04F11 /* SpiceRowView.swift in Sources */ = {isa = PBXBuildFile; fileRef = BE7098902BB0E98F00E04F11 /* SpiceRowView.swift */; };
		BE7098932BB0E9C200E04F11 /* SpiceRow.swift in Sources */ = {isa = PBXBuildFile; fileRef = BE7098922BB0E9C200E04F11 /* SpiceRow.swift */; };
		BE7098992BB0F54600E04F11 /* BlendingNewExistingView.swift in Sources */ = {isa = PBXBuildFile; fileRef = BE7098982BB0F54600E04F11 /* BlendingNewExistingView.swift */; };
		BE8D1CED2B71A2DD00A71CE9 /* SpiceData.swift in Sources */ = {isa = PBXBuildFile; fileRef = BE8D1CEC2B71A2DD00A71CE9 /* SpiceData.swift */; };
		BE8D1CF12B71A57400A71CE9 /* SpiceIndicator.swift in Sources */ = {isa = PBXBuildFile; fileRef = BE8D1CF02B71A57400A71CE9 /* SpiceIndicator.swift */; };
		BE95D8202BB1D2F300A2E59C /* CreatePasscode.swift in Sources */ = {isa = PBXBuildFile; fileRef = BE95D81F2BB1D2F300A2E59C /* CreatePasscode.swift */; };
		BE95D8222BB1D2FD00A2E59C /* LoginPasscode.swift in Sources */ = {isa = PBXBuildFile; fileRef = BE95D8212BB1D2FD00A2E59C /* LoginPasscode.swift */; };
		BE95D8242BB1D5EE00A2E59C /* PasscodeButton.swift in Sources */ = {isa = PBXBuildFile; fileRef = BE95D8232BB1D5EE00A2E59C /* PasscodeButton.swift */; };
		BEA8193A2C4319EE0073606B /* BlendingView.swift in Sources */ = {isa = PBXBuildFile; fileRef = BEA819392C4319EE0073606B /* BlendingView.swift */; };
		BEA8193C2C431A200073606B /* BlendConfirmationView.swift in Sources */ = {isa = PBXBuildFile; fileRef = BEA8193B2C431A200073606B /* BlendConfirmationView.swift */; };
		BEA8193E2C431A530073606B /* BlendCompletionView.swift in Sources */ = {isa = PBXBuildFile; fileRef = BEA8193D2C431A530073606B /* BlendCompletionView.swift */; };
		BEA819442C4C6E160073606B /* ExistingRecipesRows.swift in Sources */ = {isa = PBXBuildFile; fileRef = BEA819432C4C6E160073606B /* ExistingRecipesRows.swift */; };
		BEA8E2E32C866FB400AB2EB9 /* ListSpiceIndicator.swift in Sources */ = {isa = PBXBuildFile; fileRef = BEA8E2E22C866FB400AB2EB9 /* ListSpiceIndicator.swift */; };
		BEA9D0F12BC1C17700B57779 /* TeamView.swift in Sources */ = {isa = PBXBuildFile; fileRef = BEA9D0F02BC1C17700B57779 /* TeamView.swift */; };
		BEA9D0F52BC1C1BC00B57779 /* PrivacyInfoView.swift in Sources */ = {isa = PBXBuildFile; fileRef = BEA9D0F42BC1C1BC00B57779 /* PrivacyInfoView.swift */; };
		BEA9D0F72BC1C1DC00B57779 /* ProjectOverviewView.swift in Sources */ = {isa = PBXBuildFile; fileRef = BEA9D0F62BC1C1DC00B57779 /* ProjectOverviewView.swift */; };
		BEA9D0F92BC1C1F400B57779 /* UserManualView.swift in Sources */ = {isa = PBXBuildFile; fileRef = BEA9D0F82BC1C1F400B57779 /* UserManualView.swift */; };
		BEAAB0B32C33755F008A11E9 /* MixRecipePreview.swift in Sources */ = {isa = PBXBuildFile; fileRef = BEAAB0B22C33755F008A11E9 /* MixRecipePreview.swift */; };
		BEAAB0B52C3E0D20008A11E9 /* NewBlendSpiceView.swift in Sources */ = {isa = PBXBuildFile; fileRef = BEAAB0B42C3E0D20008A11E9 /* NewBlendSpiceView.swift */; };
		BEDFF4032BB102FF00EF4F56 /* RecipeModel.swift in Sources */ = {isa = PBXBuildFile; fileRef = BEDFF4022BB102FF00EF4F56 /* RecipeModel.swift */; };
		BEDFF4052BB1034B00EF4F56 /* RecipeStore.swift in Sources */ = {isa = PBXBuildFile; fileRef = BEDFF4042BB1034B00EF4F56 /* RecipeStore.swift */; };
/* End PBXBuildFile section */

/* Begin PBXContainerItemProxy section */
		BE02B8042B719AA10093AA4F /* PBXContainerItemProxy */ = {
			isa = PBXContainerItemProxy;
			containerPortal = BE02B7EA2B719A9F0093AA4F /* Project object */;
			proxyType = 1;
			remoteGlobalIDString = BE02B7F12B719A9F0093AA4F;
			remoteInfo = "Flavor Fusion";
		};
		BE02B80E2B719AA10093AA4F /* PBXContainerItemProxy */ = {
			isa = PBXContainerItemProxy;
			containerPortal = BE02B7EA2B719A9F0093AA4F /* Project object */;
			proxyType = 1;
			remoteGlobalIDString = BE02B7F12B719A9F0093AA4F;
			remoteInfo = "Flavor Fusion";
		};
/* End PBXContainerItemProxy section */

/* Begin PBXFileReference section */
		BE02B7F22B719A9F0093AA4F /* Flavor Fusion.app */ = {isa = PBXFileReference; explicitFileType = wrapper.application; includeInIndex = 0; path = "Flavor Fusion.app"; sourceTree = BUILT_PRODUCTS_DIR; };
		BE02B7F52B719A9F0093AA4F /* Flavor_FusionApp.swift */ = {isa = PBXFileReference; lastKnownFileType = sourcecode.swift; path = Flavor_FusionApp.swift; sourceTree = "<group>"; };
		BE02B7F72B719A9F0093AA4F /* ContentView.swift */ = {isa = PBXFileReference; lastKnownFileType = sourcecode.swift; path = ContentView.swift; sourceTree = "<group>"; };
		BE02B7F92B719AA00093AA4F /* Assets.xcassets */ = {isa = PBXFileReference; lastKnownFileType = folder.assetcatalog; path = Assets.xcassets; sourceTree = "<group>"; };
		BE02B7FB2B719AA00093AA4F /* Flavor_Fusion.entitlements */ = {isa = PBXFileReference; lastKnownFileType = text.plist.entitlements; path = Flavor_Fusion.entitlements; sourceTree = "<group>"; };
		BE02B7FD2B719AA00093AA4F /* Preview Assets.xcassets */ = {isa = PBXFileReference; lastKnownFileType = folder.assetcatalog; path = "Preview Assets.xcassets"; sourceTree = "<group>"; };
		BE02B8032B719AA10093AA4F /* Flavor FusionTests.xctest */ = {isa = PBXFileReference; explicitFileType = wrapper.cfbundle; includeInIndex = 0; path = "Flavor FusionTests.xctest"; sourceTree = BUILT_PRODUCTS_DIR; };
		BE02B8072B719AA10093AA4F /* Flavor_FusionTests.swift */ = {isa = PBXFileReference; lastKnownFileType = sourcecode.swift; path = Flavor_FusionTests.swift; sourceTree = "<group>"; };
		BE02B80D2B719AA10093AA4F /* Flavor FusionUITests.xctest */ = {isa = PBXFileReference; explicitFileType = wrapper.cfbundle; includeInIndex = 0; path = "Flavor FusionUITests.xctest"; sourceTree = BUILT_PRODUCTS_DIR; };
		BE02B8112B719AA10093AA4F /* Flavor_FusionUITests.swift */ = {isa = PBXFileReference; lastKnownFileType = sourcecode.swift; path = Flavor_FusionUITests.swift; sourceTree = "<group>"; };
		BE02B8132B719AA10093AA4F /* Flavor_FusionUITestsLaunchTests.swift */ = {isa = PBXFileReference; lastKnownFileType = sourcecode.swift; path = Flavor_FusionUITestsLaunchTests.swift; sourceTree = "<group>"; };
		BE0588D22BC1F92A00BDB6E1 /* README.md */ = {isa = PBXFileReference; lastKnownFileType = net.daringfireball.markdown; path = README.md; sourceTree = "<group>"; };
		BE1C9D7B2BB8644D00D597FC /* RecipeList.swift */ = {isa = PBXFileReference; lastKnownFileType = sourcecode.swift; path = RecipeList.swift; sourceTree = "<group>"; };
		BE1C9D7D2BB8667200D597FC /* NewBlendView.swift */ = {isa = PBXFileReference; lastKnownFileType = sourcecode.swift; path = NewBlendView.swift; sourceTree = "<group>"; };
		BE1C9D7F2BB8680000D597FC /* SpiceColumns.swift */ = {isa = PBXFileReference; lastKnownFileType = sourcecode.swift; path = SpiceColumns.swift; sourceTree = "<group>"; };
		BE1C9D812BB8D3A400D597FC /* SpiceBlendSelections.swift */ = {isa = PBXFileReference; lastKnownFileType = sourcecode.swift; path = SpiceBlendSelections.swift; sourceTree = "<group>"; };
		BE1C9D872BBA487D00D597FC /* RecipeBookBackground.swift */ = {isa = PBXFileReference; lastKnownFileType = sourcecode.swift; path = RecipeBookBackground.swift; sourceTree = "<group>"; };
		BE1C9D892BBA488F00D597FC /* ListBackground.swift */ = {isa = PBXFileReference; lastKnownFileType = sourcecode.swift; path = ListBackground.swift; sourceTree = "<group>"; };
		BE2431D52BF04CE400B77990 /* BLEManager.swift */ = {isa = PBXFileReference; lastKnownFileType = sourcecode.swift; path = BLEManager.swift; sourceTree = "<group>"; };
		BE2431D72BF051DB00B77990 /* ExistingBlendView.swift */ = {isa = PBXFileReference; lastKnownFileType = sourcecode.swift; path = ExistingBlendView.swift; sourceTree = "<group>"; };
		BE35352D2B86B69100806E7D /* AddRecipeView.swift */ = {isa = PBXFileReference; lastKnownFileType = sourcecode.swift; path = AddRecipeView.swift; sourceTree = "<group>"; };
		BE3535312B87080B00806E7D /* SpiceRowTests.swift */ = {isa = PBXFileReference; lastKnownFileType = sourcecode.swift; path = SpiceRowTests.swift; sourceTree = "<group>"; };
		BE70987D2BB0DDEA00E04F11 /* List.swift */ = {isa = PBXFileReference; lastKnownFileType = sourcecode.swift; path = List.swift; sourceTree = "<group>"; };
		BE70987F2BB0DE9400E04F11 /* SpicePopupView.swift */ = {isa = PBXFileReference; lastKnownFileType = sourcecode.swift; path = SpicePopupView.swift; sourceTree = "<group>"; };
		BE7098862BB0E18E00E04F11 /* ListTabView.swift */ = {isa = PBXFileReference; lastKnownFileType = sourcecode.swift; path = ListTabView.swift; sourceTree = "<group>"; };
		BE70988A2BB0E3D900E04F11 /* SettingsView.swift */ = {isa = PBXFileReference; lastKnownFileType = sourcecode.swift; path = SettingsView.swift; sourceTree = "<group>"; };
		BE70988C2BB0E41300E04F11 /* AboutView.swift */ = {isa = PBXFileReference; lastKnownFileType = sourcecode.swift; path = AboutView.swift; sourceTree = "<group>"; };
		BE7098902BB0E98F00E04F11 /* SpiceRowView.swift */ = {isa = PBXFileReference; lastKnownFileType = sourcecode.swift; path = SpiceRowView.swift; sourceTree = "<group>"; };
		BE7098922BB0E9C200E04F11 /* SpiceRow.swift */ = {isa = PBXFileReference; lastKnownFileType = sourcecode.swift; path = SpiceRow.swift; sourceTree = "<group>"; };
		BE7098982BB0F54600E04F11 /* BlendingNewExistingView.swift */ = {isa = PBXFileReference; lastKnownFileType = sourcecode.swift; path = BlendingNewExistingView.swift; sourceTree = "<group>"; };
		BE8D1CEC2B71A2DD00A71CE9 /* SpiceData.swift */ = {isa = PBXFileReference; lastKnownFileType = sourcecode.swift; path = SpiceData.swift; sourceTree = "<group>"; };
		BE8D1CF02B71A57400A71CE9 /* SpiceIndicator.swift */ = {isa = PBXFileReference; lastKnownFileType = sourcecode.swift; path = SpiceIndicator.swift; sourceTree = "<group>"; };
		BE95D81F2BB1D2F300A2E59C /* CreatePasscode.swift */ = {isa = PBXFileReference; lastKnownFileType = sourcecode.swift; path = CreatePasscode.swift; sourceTree = "<group>"; };
		BE95D8212BB1D2FD00A2E59C /* LoginPasscode.swift */ = {isa = PBXFileReference; lastKnownFileType = sourcecode.swift; path = LoginPasscode.swift; sourceTree = "<group>"; };
		BE95D8232BB1D5EE00A2E59C /* PasscodeButton.swift */ = {isa = PBXFileReference; lastKnownFileType = sourcecode.swift; path = PasscodeButton.swift; sourceTree = "<group>"; };
		BEA819392C4319EE0073606B /* BlendingView.swift */ = {isa = PBXFileReference; lastKnownFileType = sourcecode.swift; path = BlendingView.swift; sourceTree = "<group>"; };
		BEA8193B2C431A200073606B /* BlendConfirmationView.swift */ = {isa = PBXFileReference; lastKnownFileType = sourcecode.swift; path = BlendConfirmationView.swift; sourceTree = "<group>"; };
		BEA8193D2C431A530073606B /* BlendCompletionView.swift */ = {isa = PBXFileReference; lastKnownFileType = sourcecode.swift; path = BlendCompletionView.swift; sourceTree = "<group>"; };
		BEA819432C4C6E160073606B /* ExistingRecipesRows.swift */ = {isa = PBXFileReference; lastKnownFileType = sourcecode.swift; path = ExistingRecipesRows.swift; sourceTree = "<group>"; };
		BEA8E2E22C866FB400AB2EB9 /* ListSpiceIndicator.swift */ = {isa = PBXFileReference; lastKnownFileType = sourcecode.swift; path = ListSpiceIndicator.swift; sourceTree = "<group>"; };
		BEA9D0F02BC1C17700B57779 /* TeamView.swift */ = {isa = PBXFileReference; lastKnownFileType = sourcecode.swift; path = TeamView.swift; sourceTree = "<group>"; };
		BEA9D0F42BC1C1BC00B57779 /* PrivacyInfoView.swift */ = {isa = PBXFileReference; lastKnownFileType = sourcecode.swift; path = PrivacyInfoView.swift; sourceTree = "<group>"; };
		BEA9D0F62BC1C1DC00B57779 /* ProjectOverviewView.swift */ = {isa = PBXFileReference; lastKnownFileType = sourcecode.swift; path = ProjectOverviewView.swift; sourceTree = "<group>"; };
		BEA9D0F82BC1C1F400B57779 /* UserManualView.swift */ = {isa = PBXFileReference; lastKnownFileType = sourcecode.swift; path = UserManualView.swift; sourceTree = "<group>"; };
		BEAAB0B22C33755F008A11E9 /* MixRecipePreview.swift */ = {isa = PBXFileReference; lastKnownFileType = sourcecode.swift; path = MixRecipePreview.swift; sourceTree = "<group>"; };
		BEAAB0B42C3E0D20008A11E9 /* NewBlendSpiceView.swift */ = {isa = PBXFileReference; lastKnownFileType = sourcecode.swift; path = NewBlendSpiceView.swift; sourceTree = "<group>"; };
		BEDFF4022BB102FF00EF4F56 /* RecipeModel.swift */ = {isa = PBXFileReference; lastKnownFileType = sourcecode.swift; path = RecipeModel.swift; sourceTree = "<group>"; };
		BEDFF4042BB1034B00EF4F56 /* RecipeStore.swift */ = {isa = PBXFileReference; lastKnownFileType = sourcecode.swift; path = RecipeStore.swift; sourceTree = "<group>"; };
/* End PBXFileReference section */

/* Begin PBXFrameworksBuildPhase section */
		BE02B7EF2B719A9F0093AA4F /* Frameworks */ = {
			isa = PBXFrameworksBuildPhase;
			buildActionMask = 2147483647;
			files = (
			);
			runOnlyForDeploymentPostprocessing = 0;
		};
		BE02B8002B719AA10093AA4F /* Frameworks */ = {
			isa = PBXFrameworksBuildPhase;
			buildActionMask = 2147483647;
			files = (
			);
			runOnlyForDeploymentPostprocessing = 0;
		};
		BE02B80A2B719AA10093AA4F /* Frameworks */ = {
			isa = PBXFrameworksBuildPhase;
			buildActionMask = 2147483647;
			files = (
			);
			runOnlyForDeploymentPostprocessing = 0;
		};
/* End PBXFrameworksBuildPhase section */

/* Begin PBXGroup section */
		BE02B7E92B719A9F0093AA4F = {
			isa = PBXGroup;
			children = (
				BE0588D22BC1F92A00BDB6E1 /* README.md */,
				BE02B7F42B719A9F0093AA4F /* Flavor Fusion */,
				BE02B8062B719AA10093AA4F /* Flavor FusionTests */,
				BE02B8102B719AA10093AA4F /* Flavor FusionUITests */,
				BE02B7F32B719A9F0093AA4F /* Products */,
			);
			sourceTree = "<group>";
		};
		BE02B7F32B719A9F0093AA4F /* Products */ = {
			isa = PBXGroup;
			children = (
				BE02B7F22B719A9F0093AA4F /* Flavor Fusion.app */,
				BE02B8032B719AA10093AA4F /* Flavor FusionTests.xctest */,
				BE02B80D2B719AA10093AA4F /* Flavor FusionUITests.xctest */,
			);
			name = Products;
			sourceTree = "<group>";
		};
		BE02B7F42B719A9F0093AA4F /* Flavor Fusion */ = {
			isa = PBXGroup;
			children = (
				BE2431D22BF04BBD00B77990 /* Data Fusion */,
				BE1C9D862BBA485C00D597FC /* Backgrounds */,
				BE95D81C2BB1D2B200A2E59C /* Passcode */,
				BE7098972BB0F52500E04F11 /* Blending */,
				BE7098952BB0F4CE00E04F11 /* NavigationTabs */,
				BE7098942BB0EA2A00E04F11 /* MockSpiceData */,
				BE7098892BB0E3D000E04F11 /* About */,
				BE7098882BB0E3C900E04F11 /* Settings */,
				BE70987C2BB0DD8F00E04F11 /* HomeList */,
				BE8D1CF42B73FE1000A71CE9 /* RecipeBook */,
				BE02B7F52B719A9F0093AA4F /* Flavor_FusionApp.swift */,
				BE02B7F72B719A9F0093AA4F /* ContentView.swift */,
				BE02B7F92B719AA00093AA4F /* Assets.xcassets */,
				BE02B7FB2B719AA00093AA4F /* Flavor_Fusion.entitlements */,
				BE02B7FC2B719AA00093AA4F /* Preview Content */,
			);
			path = "Flavor Fusion";
			sourceTree = "<group>";
		};
		BE02B7FC2B719AA00093AA4F /* Preview Content */ = {
			isa = PBXGroup;
			children = (
				BE02B7FD2B719AA00093AA4F /* Preview Assets.xcassets */,
			);
			path = "Preview Content";
			sourceTree = "<group>";
		};
		BE02B8062B719AA10093AA4F /* Flavor FusionTests */ = {
			isa = PBXGroup;
			children = (
				BE02B8072B719AA10093AA4F /* Flavor_FusionTests.swift */,
				BE3535312B87080B00806E7D /* SpiceRowTests.swift */,
			);
			path = "Flavor FusionTests";
			sourceTree = "<group>";
		};
		BE02B8102B719AA10093AA4F /* Flavor FusionUITests */ = {
			isa = PBXGroup;
			children = (
				BE02B8112B719AA10093AA4F /* Flavor_FusionUITests.swift */,
				BE02B8132B719AA10093AA4F /* Flavor_FusionUITestsLaunchTests.swift */,
			);
			path = "Flavor FusionUITests";
			sourceTree = "<group>";
		};
		BE1C9D862BBA485C00D597FC /* Backgrounds */ = {
			isa = PBXGroup;
			children = (
				BE1C9D872BBA487D00D597FC /* RecipeBookBackground.swift */,
				BE1C9D892BBA488F00D597FC /* ListBackground.swift */,
			);
			path = Backgrounds;
			sourceTree = "<group>";
		};
		BE2431D22BF04BBD00B77990 /* Data Fusion */ = {
			isa = PBXGroup;
			children = (
				BE2431D52BF04CE400B77990 /* BLEManager.swift */,
			);
			path = "Data Fusion";
			sourceTree = "<group>";
		};
		BE70987C2BB0DD8F00E04F11 /* HomeList */ = {
			isa = PBXGroup;
			children = (
				BE70987D2BB0DDEA00E04F11 /* List.swift */,
				BE70987F2BB0DE9400E04F11 /* SpicePopupView.swift */,
				BE8D1CF02B71A57400A71CE9 /* SpiceIndicator.swift */,
				BE7098902BB0E98F00E04F11 /* SpiceRowView.swift */,
				BE7098922BB0E9C200E04F11 /* SpiceRow.swift */,
				BE1C9D7F2BB8680000D597FC /* SpiceColumns.swift */,
				BEA8E2E22C866FB400AB2EB9 /* ListSpiceIndicator.swift */,
			);
			path = HomeList;
			sourceTree = "<group>";
		};
		BE7098882BB0E3C900E04F11 /* Settings */ = {
			isa = PBXGroup;
			children = (
				BE70988A2BB0E3D900E04F11 /* SettingsView.swift */,
			);
			path = Settings;
			sourceTree = "<group>";
		};
		BE7098892BB0E3D000E04F11 /* About */ = {
			isa = PBXGroup;
			children = (
				BE70988C2BB0E41300E04F11 /* AboutView.swift */,
				BEA9D0F02BC1C17700B57779 /* TeamView.swift */,
				BEA9D0F42BC1C1BC00B57779 /* PrivacyInfoView.swift */,
				BEA9D0F62BC1C1DC00B57779 /* ProjectOverviewView.swift */,
				BEA9D0F82BC1C1F400B57779 /* UserManualView.swift */,
			);
			path = About;
			sourceTree = "<group>";
		};
		BE7098942BB0EA2A00E04F11 /* MockSpiceData */ = {
			isa = PBXGroup;
			children = (
				BE8D1CEC2B71A2DD00A71CE9 /* SpiceData.swift */,
			);
			path = MockSpiceData;
			sourceTree = "<group>";
		};
		BE7098952BB0F4CE00E04F11 /* NavigationTabs */ = {
			isa = PBXGroup;
			children = (
				BE7098862BB0E18E00E04F11 /* ListTabView.swift */,
			);
			path = NavigationTabs;
			sourceTree = "<group>";
		};
		BE7098972BB0F52500E04F11 /* Blending */ = {
			isa = PBXGroup;
			children = (
				BEA819422C4C6DC60073606B /* ExistingBlend */,
				BEA819382C4319D30073606B /* Blending Sub  Pages */,
				BE7098982BB0F54600E04F11 /* BlendingNewExistingView.swift */,
				BE1C9D7D2BB8667200D597FC /* NewBlendView.swift */,
				BE1C9D812BB8D3A400D597FC /* SpiceBlendSelections.swift */,
				BEAAB0B42C3E0D20008A11E9 /* NewBlendSpiceView.swift */,
			);
			path = Blending;
			sourceTree = "<group>";
		};
		BE8D1CF42B73FE1000A71CE9 /* RecipeBook */ = {
			isa = PBXGroup;
			children = (
				BEDFF4012BB102F300EF4F56 /* RecipeData */,
				BE35352D2B86B69100806E7D /* AddRecipeView.swift */,
				BE1C9D7B2BB8644D00D597FC /* RecipeList.swift */,
				BEAAB0B22C33755F008A11E9 /* MixRecipePreview.swift */,
			);
			path = RecipeBook;
			sourceTree = "<group>";
		};
		BE95D81C2BB1D2B200A2E59C /* Passcode */ = {
			isa = PBXGroup;
			children = (
				BE95D81F2BB1D2F300A2E59C /* CreatePasscode.swift */,
				BE95D8212BB1D2FD00A2E59C /* LoginPasscode.swift */,
				BE95D8232BB1D5EE00A2E59C /* PasscodeButton.swift */,
			);
			path = Passcode;
			sourceTree = "<group>";
		};
		BEA819382C4319D30073606B /* Blending Sub  Pages */ = {
			isa = PBXGroup;
			children = (
				BEA819392C4319EE0073606B /* BlendingView.swift */,
				BEA8193B2C431A200073606B /* BlendConfirmationView.swift */,
				BEA8193D2C431A530073606B /* BlendCompletionView.swift */,
			);
			path = "Blending Sub  Pages";
			sourceTree = "<group>";
		};
		BEA819422C4C6DC60073606B /* ExistingBlend */ = {
			isa = PBXGroup;
			children = (
				BE2431D72BF051DB00B77990 /* ExistingBlendView.swift */,
				BEA819432C4C6E160073606B /* ExistingRecipesRows.swift */,
			);
			path = ExistingBlend;
			sourceTree = "<group>";
		};
		BEDFF4012BB102F300EF4F56 /* RecipeData */ = {
			isa = PBXGroup;
			children = (
				BEDFF4022BB102FF00EF4F56 /* RecipeModel.swift */,
				BEDFF4042BB1034B00EF4F56 /* RecipeStore.swift */,
			);
			path = RecipeData;
			sourceTree = "<group>";
		};
/* End PBXGroup section */

/* Begin PBXNativeTarget section */
		BE02B7F12B719A9F0093AA4F /* Flavor Fusion */ = {
			isa = PBXNativeTarget;
			buildConfigurationList = BE02B8172B719AA10093AA4F /* Build configuration list for PBXNativeTarget "Flavor Fusion" */;
			buildPhases = (
				BE02B7EE2B719A9F0093AA4F /* Sources */,
				BE02B7EF2B719A9F0093AA4F /* Frameworks */,
				BE02B7F02B719A9F0093AA4F /* Resources */,
			);
			buildRules = (
			);
			dependencies = (
			);
			name = "Flavor Fusion";
			productName = "Flavor Fusion";
			productReference = BE02B7F22B719A9F0093AA4F /* Flavor Fusion.app */;
			productType = "com.apple.product-type.application";
		};
		BE02B8022B719AA10093AA4F /* Flavor FusionTests */ = {
			isa = PBXNativeTarget;
			buildConfigurationList = BE02B81A2B719AA10093AA4F /* Build configuration list for PBXNativeTarget "Flavor FusionTests" */;
			buildPhases = (
				BE02B7FF2B719AA10093AA4F /* Sources */,
				BE02B8002B719AA10093AA4F /* Frameworks */,
				BE02B8012B719AA10093AA4F /* Resources */,
			);
			buildRules = (
			);
			dependencies = (
				BE02B8052B719AA10093AA4F /* PBXTargetDependency */,
			);
			name = "Flavor FusionTests";
			productName = "Flavor FusionTests";
			productReference = BE02B8032B719AA10093AA4F /* Flavor FusionTests.xctest */;
			productType = "com.apple.product-type.bundle.unit-test";
		};
		BE02B80C2B719AA10093AA4F /* Flavor FusionUITests */ = {
			isa = PBXNativeTarget;
			buildConfigurationList = BE02B81D2B719AA10093AA4F /* Build configuration list for PBXNativeTarget "Flavor FusionUITests" */;
			buildPhases = (
				BE02B8092B719AA10093AA4F /* Sources */,
				BE02B80A2B719AA10093AA4F /* Frameworks */,
				BE02B80B2B719AA10093AA4F /* Resources */,
			);
			buildRules = (
			);
			dependencies = (
				BE02B80F2B719AA10093AA4F /* PBXTargetDependency */,
			);
			name = "Flavor FusionUITests";
			productName = "Flavor FusionUITests";
			productReference = BE02B80D2B719AA10093AA4F /* Flavor FusionUITests.xctest */;
			productType = "com.apple.product-type.bundle.ui-testing";
		};
/* End PBXNativeTarget section */

/* Begin PBXProject section */
		BE02B7EA2B719A9F0093AA4F /* Project object */ = {
			isa = PBXProject;
			attributes = {
				BuildIndependentTargetsInParallel = 1;
				LastSwiftUpdateCheck = 1500;
				LastUpgradeCheck = 1520;
				TargetAttributes = {
					BE02B7F12B719A9F0093AA4F = {
						CreatedOnToolsVersion = 15.0.1;
					};
					BE02B8022B719AA10093AA4F = {
						CreatedOnToolsVersion = 15.0.1;
						TestTargetID = BE02B7F12B719A9F0093AA4F;
					};
					BE02B80C2B719AA10093AA4F = {
						CreatedOnToolsVersion = 15.0.1;
						TestTargetID = BE02B7F12B719A9F0093AA4F;
					};
				};
			};
			buildConfigurationList = BE02B7ED2B719A9F0093AA4F /* Build configuration list for PBXProject "Flavor Fusion" */;
			compatibilityVersion = "Xcode 14.0";
			developmentRegion = en;
			hasScannedForEncodings = 0;
			knownRegions = (
				en,
				Base,
			);
			mainGroup = BE02B7E92B719A9F0093AA4F;
			productRefGroup = BE02B7F32B719A9F0093AA4F /* Products */;
			projectDirPath = "";
			projectRoot = "";
			targets = (
				BE02B7F12B719A9F0093AA4F /* Flavor Fusion */,
				BE02B8022B719AA10093AA4F /* Flavor FusionTests */,
				BE02B80C2B719AA10093AA4F /* Flavor FusionUITests */,
			);
		};
/* End PBXProject section */

/* Begin PBXResourcesBuildPhase section */
		BE02B7F02B719A9F0093AA4F /* Resources */ = {
			isa = PBXResourcesBuildPhase;
			buildActionMask = 2147483647;
			files = (
				BE02B7FE2B719AA00093AA4F /* Preview Assets.xcassets in Resources */,
				BE02B7FA2B719AA00093AA4F /* Assets.xcassets in Resources */,
			);
			runOnlyForDeploymentPostprocessing = 0;
		};
		BE02B8012B719AA10093AA4F /* Resources */ = {
			isa = PBXResourcesBuildPhase;
			buildActionMask = 2147483647;
			files = (
			);
			runOnlyForDeploymentPostprocessing = 0;
		};
		BE02B80B2B719AA10093AA4F /* Resources */ = {
			isa = PBXResourcesBuildPhase;
			buildActionMask = 2147483647;
			files = (
			);
			runOnlyForDeploymentPostprocessing = 0;
		};
/* End PBXResourcesBuildPhase section */

/* Begin PBXSourcesBuildPhase section */
		BE02B7EE2B719A9F0093AA4F /* Sources */ = {
			isa = PBXSourcesBuildPhase;
			buildActionMask = 2147483647;
			files = (
				BE8D1CED2B71A2DD00A71CE9 /* SpiceData.swift in Sources */,
				BE95D8222BB1D2FD00A2E59C /* LoginPasscode.swift in Sources */,
				BE1C9D882BBA487D00D597FC /* RecipeBookBackground.swift in Sources */,
				BE1C9D7E2BB8667200D597FC /* NewBlendView.swift in Sources */,
				BE7098912BB0E98F00E04F11 /* SpiceRowView.swift in Sources */,
				BEA8193A2C4319EE0073606B /* BlendingView.swift in Sources */,
				BE02B7F82B719A9F0093AA4F /* ContentView.swift in Sources */,
				BE7098932BB0E9C200E04F11 /* SpiceRow.swift in Sources */,
				BEAAB0B52C3E0D20008A11E9 /* NewBlendSpiceView.swift in Sources */,
				BEA819442C4C6E160073606B /* ExistingRecipesRows.swift in Sources */,
				BE1C9D822BB8D3A400D597FC /* SpiceBlendSelections.swift in Sources */,
				BEA9D0F52BC1C1BC00B57779 /* PrivacyInfoView.swift in Sources */,
				BE7098872BB0E18E00E04F11 /* ListTabView.swift in Sources */,
				BEA8E2E32C866FB400AB2EB9 /* ListSpiceIndicator.swift in Sources */,
				BEA8193E2C431A530073606B /* BlendCompletionView.swift in Sources */,
				BE95D8242BB1D5EE00A2E59C /* PasscodeButton.swift in Sources */,
				BEDFF4052BB1034B00EF4F56 /* RecipeStore.swift in Sources */,
				BEA8193C2C431A200073606B /* BlendConfirmationView.swift in Sources */,
				BEA9D0F92BC1C1F400B57779 /* UserManualView.swift in Sources */,
				BE35352E2B86B69100806E7D /* AddRecipeView.swift in Sources */,
				BE2431D82BF051DB00B77990 /* ExistingBlendView.swift in Sources */,
				BEA9D0F72BC1C1DC00B57779 /* ProjectOverviewView.swift in Sources */,
				BE70988D2BB0E41300E04F11 /* AboutView.swift in Sources */,
				BE1C9D8A2BBA488F00D597FC /* ListBackground.swift in Sources */,
				BE7098802BB0DE9400E04F11 /* SpicePopupView.swift in Sources */,
				BE70987E2BB0DDEA00E04F11 /* List.swift in Sources */,
				BE7098992BB0F54600E04F11 /* BlendingNewExistingView.swift in Sources */,
				BEA9D0F12BC1C17700B57779 /* TeamView.swift in Sources */,
				BE02B7F62B719A9F0093AA4F /* Flavor_FusionApp.swift in Sources */,
				BE1C9D802BB8680000D597FC /* SpiceColumns.swift in Sources */,
				BE2431D62BF04CE400B77990 /* BLEManager.swift in Sources */,
				BE8D1CF12B71A57400A71CE9 /* SpiceIndicator.swift in Sources */,
				BE1C9D7C2BB8644D00D597FC /* RecipeList.swift in Sources */,
				BE95D8202BB1D2F300A2E59C /* CreatePasscode.swift in Sources */,
				BE70988B2BB0E3D900E04F11 /* SettingsView.swift in Sources */,
				BEDFF4032BB102FF00EF4F56 /* RecipeModel.swift in Sources */,
				BEAAB0B32C33755F008A11E9 /* MixRecipePreview.swift in Sources */,
			);
			runOnlyForDeploymentPostprocessing = 0;
		};
		BE02B7FF2B719AA10093AA4F /* Sources */ = {
			isa = PBXSourcesBuildPhase;
			buildActionMask = 2147483647;
			files = (
				BE3535322B87080B00806E7D /* SpiceRowTests.swift in Sources */,
				BE02B8082B719AA10093AA4F /* Flavor_FusionTests.swift in Sources */,
			);
			runOnlyForDeploymentPostprocessing = 0;
		};
		BE02B8092B719AA10093AA4F /* Sources */ = {
			isa = PBXSourcesBuildPhase;
			buildActionMask = 2147483647;
			files = (
				BE02B8142B719AA10093AA4F /* Flavor_FusionUITestsLaunchTests.swift in Sources */,
				BE02B8122B719AA10093AA4F /* Flavor_FusionUITests.swift in Sources */,
			);
			runOnlyForDeploymentPostprocessing = 0;
		};
/* End PBXSourcesBuildPhase section */

/* Begin PBXTargetDependency section */
		BE02B8052B719AA10093AA4F /* PBXTargetDependency */ = {
			isa = PBXTargetDependency;
			target = BE02B7F12B719A9F0093AA4F /* Flavor Fusion */;
			targetProxy = BE02B8042B719AA10093AA4F /* PBXContainerItemProxy */;
		};
		BE02B80F2B719AA10093AA4F /* PBXTargetDependency */ = {
			isa = PBXTargetDependency;
			target = BE02B7F12B719A9F0093AA4F /* Flavor Fusion */;
			targetProxy = BE02B80E2B719AA10093AA4F /* PBXContainerItemProxy */;
		};
/* End PBXTargetDependency section */

/* Begin XCBuildConfiguration section */
		BE02B8152B719AA10093AA4F /* Debug */ = {
			isa = XCBuildConfiguration;
			buildSettings = {
				ALWAYS_SEARCH_USER_PATHS = NO;
				ASSETCATALOG_COMPILER_GENERATE_SWIFT_ASSET_SYMBOL_EXTENSIONS = YES;
				CLANG_ANALYZER_NONNULL = YES;
				CLANG_ANALYZER_NUMBER_OBJECT_CONVERSION = YES_AGGRESSIVE;
				CLANG_CXX_LANGUAGE_STANDARD = "gnu++20";
				CLANG_ENABLE_MODULES = YES;
				CLANG_ENABLE_OBJC_ARC = YES;
				CLANG_ENABLE_OBJC_WEAK = YES;
				CLANG_WARN_BLOCK_CAPTURE_AUTORELEASING = YES;
				CLANG_WARN_BOOL_CONVERSION = YES;
				CLANG_WARN_COMMA = YES;
				CLANG_WARN_CONSTANT_CONVERSION = YES;
				CLANG_WARN_DEPRECATED_OBJC_IMPLEMENTATIONS = YES;
				CLANG_WARN_DIRECT_OBJC_ISA_USAGE = YES_ERROR;
				CLANG_WARN_DOCUMENTATION_COMMENTS = YES;
				CLANG_WARN_EMPTY_BODY = YES;
				CLANG_WARN_ENUM_CONVERSION = YES;
				CLANG_WARN_INFINITE_RECURSION = YES;
				CLANG_WARN_INT_CONVERSION = YES;
				CLANG_WARN_NON_LITERAL_NULL_CONVERSION = YES;
				CLANG_WARN_OBJC_IMPLICIT_RETAIN_SELF = YES;
				CLANG_WARN_OBJC_LITERAL_CONVERSION = YES;
				CLANG_WARN_OBJC_ROOT_CLASS = YES_ERROR;
				CLANG_WARN_QUOTED_INCLUDE_IN_FRAMEWORK_HEADER = YES;
				CLANG_WARN_RANGE_LOOP_ANALYSIS = YES;
				CLANG_WARN_STRICT_PROTOTYPES = YES;
				CLANG_WARN_SUSPICIOUS_MOVE = YES;
				CLANG_WARN_UNGUARDED_AVAILABILITY = YES_AGGRESSIVE;
				CLANG_WARN_UNREACHABLE_CODE = YES;
				CLANG_WARN__DUPLICATE_METHOD_MATCH = YES;
				COPY_PHASE_STRIP = NO;
				DEAD_CODE_STRIPPING = YES;
				DEBUG_INFORMATION_FORMAT = dwarf;
				ENABLE_STRICT_OBJC_MSGSEND = YES;
				ENABLE_TESTABILITY = YES;
				ENABLE_USER_SCRIPT_SANDBOXING = YES;
				GCC_C_LANGUAGE_STANDARD = gnu17;
				GCC_DYNAMIC_NO_PIC = NO;
				GCC_NO_COMMON_BLOCKS = YES;
				GCC_OPTIMIZATION_LEVEL = 0;
				GCC_PREPROCESSOR_DEFINITIONS = (
					"DEBUG=1",
					"$(inherited)",
				);
				GCC_WARN_64_TO_32_BIT_CONVERSION = YES;
				GCC_WARN_ABOUT_RETURN_TYPE = YES_ERROR;
				GCC_WARN_UNDECLARED_SELECTOR = YES;
				GCC_WARN_UNINITIALIZED_AUTOS = YES_AGGRESSIVE;
				GCC_WARN_UNUSED_FUNCTION = YES;
				GCC_WARN_UNUSED_VARIABLE = YES;
				"INFOPLIST_FILE[sdk=*]" = "";
				IPHONEOS_DEPLOYMENT_TARGET = 17.4;
				LOCALIZATION_PREFERS_STRING_CATALOGS = YES;
				MTL_ENABLE_DEBUG_INFO = INCLUDE_SOURCE;
				MTL_FAST_MATH = YES;
				ONLY_ACTIVE_ARCH = YES;
				SWIFT_ACTIVE_COMPILATION_CONDITIONS = "DEBUG $(inherited)";
				SWIFT_OPTIMIZATION_LEVEL = "-Onone";
			};
			name = Debug;
		};
		BE02B8162B719AA10093AA4F /* Release */ = {
			isa = XCBuildConfiguration;
			buildSettings = {
				ALWAYS_SEARCH_USER_PATHS = NO;
				ASSETCATALOG_COMPILER_GENERATE_SWIFT_ASSET_SYMBOL_EXTENSIONS = YES;
				CLANG_ANALYZER_NONNULL = YES;
				CLANG_ANALYZER_NUMBER_OBJECT_CONVERSION = YES_AGGRESSIVE;
				CLANG_CXX_LANGUAGE_STANDARD = "gnu++20";
				CLANG_ENABLE_MODULES = YES;
				CLANG_ENABLE_OBJC_ARC = YES;
				CLANG_ENABLE_OBJC_WEAK = YES;
				CLANG_WARN_BLOCK_CAPTURE_AUTORELEASING = YES;
				CLANG_WARN_BOOL_CONVERSION = YES;
				CLANG_WARN_COMMA = YES;
				CLANG_WARN_CONSTANT_CONVERSION = YES;
				CLANG_WARN_DEPRECATED_OBJC_IMPLEMENTATIONS = YES;
				CLANG_WARN_DIRECT_OBJC_ISA_USAGE = YES_ERROR;
				CLANG_WARN_DOCUMENTATION_COMMENTS = YES;
				CLANG_WARN_EMPTY_BODY = YES;
				CLANG_WARN_ENUM_CONVERSION = YES;
				CLANG_WARN_INFINITE_RECURSION = YES;
				CLANG_WARN_INT_CONVERSION = YES;
				CLANG_WARN_NON_LITERAL_NULL_CONVERSION = YES;
				CLANG_WARN_OBJC_IMPLICIT_RETAIN_SELF = YES;
				CLANG_WARN_OBJC_LITERAL_CONVERSION = YES;
				CLANG_WARN_OBJC_ROOT_CLASS = YES_ERROR;
				CLANG_WARN_QUOTED_INCLUDE_IN_FRAMEWORK_HEADER = YES;
				CLANG_WARN_RANGE_LOOP_ANALYSIS = YES;
				CLANG_WARN_STRICT_PROTOTYPES = YES;
				CLANG_WARN_SUSPICIOUS_MOVE = YES;
				CLANG_WARN_UNGUARDED_AVAILABILITY = YES_AGGRESSIVE;
				CLANG_WARN_UNREACHABLE_CODE = YES;
				CLANG_WARN__DUPLICATE_METHOD_MATCH = YES;
				COPY_PHASE_STRIP = NO;
				DEAD_CODE_STRIPPING = YES;
				DEBUG_INFORMATION_FORMAT = "dwarf-with-dsym";
				ENABLE_NS_ASSERTIONS = NO;
				ENABLE_STRICT_OBJC_MSGSEND = YES;
				ENABLE_USER_SCRIPT_SANDBOXING = YES;
				GCC_C_LANGUAGE_STANDARD = gnu17;
				GCC_NO_COMMON_BLOCKS = YES;
				GCC_WARN_64_TO_32_BIT_CONVERSION = YES;
				GCC_WARN_ABOUT_RETURN_TYPE = YES_ERROR;
				GCC_WARN_UNDECLARED_SELECTOR = YES;
				GCC_WARN_UNINITIALIZED_AUTOS = YES_AGGRESSIVE;
				GCC_WARN_UNUSED_FUNCTION = YES;
				GCC_WARN_UNUSED_VARIABLE = YES;
				IPHONEOS_DEPLOYMENT_TARGET = 17.4;
				LOCALIZATION_PREFERS_STRING_CATALOGS = YES;
				MTL_ENABLE_DEBUG_INFO = NO;
				MTL_FAST_MATH = YES;
				SWIFT_COMPILATION_MODE = wholemodule;
			};
			name = Release;
		};
		BE02B8182B719AA10093AA4F /* Debug */ = {
			isa = XCBuildConfiguration;
			buildSettings = {
				ASSETCATALOG_COMPILER_APPICON_NAME = AppIcon;
				ASSETCATALOG_COMPILER_GLOBAL_ACCENT_COLOR_NAME = AccentColor;
				CODE_SIGN_ENTITLEMENTS = "Flavor Fusion/Flavor_Fusion.entitlements";
				"CODE_SIGN_IDENTITY[sdk=macosx*]" = "Apple Development";
				CODE_SIGN_STYLE = Automatic;
				CURRENT_PROJECT_VERSION = 1;
				DEAD_CODE_STRIPPING = YES;
				DEVELOPMENT_ASSET_PATHS = "\"Flavor Fusion/Preview Content\"";
				DEVELOPMENT_TEAM = 55F8S74UUY;
				ENABLE_HARDENED_RUNTIME = YES;
				ENABLE_PREVIEWS = YES;
				GENERATE_INFOPLIST_FILE = YES;
				INFOPLIST_KEY_NSBluetoothAlwaysUsageDescription = "This app uses Bluetooth to connect to and communicate with your spice containers.";
				INFOPLIST_KEY_NSFaceIDUsageDescription = "This app uses Face ID to securely log you in using your saved passcode.";
				INFOPLIST_KEY_NSLocationAlwaysUsageDescription = "We need access to your location to discover Bluetooth devices.";
				"INFOPLIST_KEY_UIApplicationSceneManifest_Generation[sdk=iphoneos*]" = YES;
				"INFOPLIST_KEY_UIApplicationSceneManifest_Generation[sdk=iphonesimulator*]" = YES;
				"INFOPLIST_KEY_UIApplicationSupportsIndirectInputEvents[sdk=iphoneos*]" = YES;
				"INFOPLIST_KEY_UIApplicationSupportsIndirectInputEvents[sdk=iphonesimulator*]" = YES;
				"INFOPLIST_KEY_UILaunchScreen_Generation[sdk=iphoneos*]" = YES;
				"INFOPLIST_KEY_UILaunchScreen_Generation[sdk=iphonesimulator*]" = YES;
				"INFOPLIST_KEY_UIStatusBarStyle[sdk=iphoneos*]" = UIStatusBarStyleDefault;
				"INFOPLIST_KEY_UIStatusBarStyle[sdk=iphonesimulator*]" = UIStatusBarStyleDefault;
				INFOPLIST_KEY_UISupportedInterfaceOrientations_iPad = "UIInterfaceOrientationPortrait UIInterfaceOrientationPortraitUpsideDown UIInterfaceOrientationLandscapeLeft UIInterfaceOrientationLandscapeRight";
				INFOPLIST_KEY_UISupportedInterfaceOrientations_iPhone = "UIInterfaceOrientationPortrait UIInterfaceOrientationLandscapeLeft UIInterfaceOrientationLandscapeRight";
				IPHONEOS_DEPLOYMENT_TARGET = 17.0;
				LD_RUNPATH_SEARCH_PATHS = "@executable_path/Frameworks";
				"LD_RUNPATH_SEARCH_PATHS[sdk=macosx*]" = "@executable_path/../Frameworks";
				MACOSX_DEPLOYMENT_TARGET = 14.0;
				MARKETING_VERSION = 3.2;
				PRODUCT_BUNDLE_IDENTIFIER = "FF.Flavor-Fusion";
				PRODUCT_NAME = "$(TARGET_NAME)";
				RUN_DOCUMENTATION_COMPILER = NO;
				SDKROOT = auto;
				SUPPORTED_PLATFORMS = "iphoneos iphonesimulator macosx";
				SWIFT_EMIT_LOC_STRINGS = YES;
				SWIFT_VERSION = 5.0;
				TARGETED_DEVICE_FAMILY = "1,2";
			};
			name = Debug;
		};
		BE02B8192B719AA10093AA4F /* Release */ = {
			isa = XCBuildConfiguration;
			buildSettings = {
				ASSETCATALOG_COMPILER_APPICON_NAME = AppIcon;
				ASSETCATALOG_COMPILER_GLOBAL_ACCENT_COLOR_NAME = AccentColor;
				CODE_SIGN_ENTITLEMENTS = "Flavor Fusion/Flavor_Fusion.entitlements";
				"CODE_SIGN_IDENTITY[sdk=macosx*]" = "Apple Development";
				CODE_SIGN_STYLE = Automatic;
				CURRENT_PROJECT_VERSION = 1;
				DEAD_CODE_STRIPPING = YES;
				DEVELOPMENT_ASSET_PATHS = "\"Flavor Fusion/Preview Content\"";
				DEVELOPMENT_TEAM = 55F8S74UUY;
				ENABLE_HARDENED_RUNTIME = YES;
				ENABLE_PREVIEWS = YES;
				GENERATE_INFOPLIST_FILE = YES;
				INFOPLIST_KEY_NSBluetoothAlwaysUsageDescription = "This app uses Bluetooth to connect to and communicate with your spice containers.";
				INFOPLIST_KEY_NSFaceIDUsageDescription = "This app uses Face ID to securely log you in using your saved passcode.";
				INFOPLIST_KEY_NSLocationAlwaysUsageDescription = "We need access to your location to discover Bluetooth devices.";
				"INFOPLIST_KEY_UIApplicationSceneManifest_Generation[sdk=iphoneos*]" = YES;
				"INFOPLIST_KEY_UIApplicationSceneManifest_Generation[sdk=iphonesimulator*]" = YES;
				"INFOPLIST_KEY_UIApplicationSupportsIndirectInputEvents[sdk=iphoneos*]" = YES;
				"INFOPLIST_KEY_UIApplicationSupportsIndirectInputEvents[sdk=iphonesimulator*]" = YES;
				"INFOPLIST_KEY_UILaunchScreen_Generation[sdk=iphoneos*]" = YES;
				"INFOPLIST_KEY_UILaunchScreen_Generation[sdk=iphonesimulator*]" = YES;
				"INFOPLIST_KEY_UIStatusBarStyle[sdk=iphoneos*]" = UIStatusBarStyleDefault;
				"INFOPLIST_KEY_UIStatusBarStyle[sdk=iphonesimulator*]" = UIStatusBarStyleDefault;
				INFOPLIST_KEY_UISupportedInterfaceOrientations_iPad = "UIInterfaceOrientationPortrait UIInterfaceOrientationPortraitUpsideDown UIInterfaceOrientationLandscapeLeft UIInterfaceOrientationLandscapeRight";
				INFOPLIST_KEY_UISupportedInterfaceOrientations_iPhone = "UIInterfaceOrientationPortrait UIInterfaceOrientationLandscapeLeft UIInterfaceOrientationLandscapeRight";
				IPHONEOS_DEPLOYMENT_TARGET = 17.0;
				LD_RUNPATH_SEARCH_PATHS = "@executable_path/Frameworks";
				"LD_RUNPATH_SEARCH_PATHS[sdk=macosx*]" = "@executable_path/../Frameworks";
				MACOSX_DEPLOYMENT_TARGET = 14.0;
				MARKETING_VERSION = 3.2;
				PRODUCT_BUNDLE_IDENTIFIER = "FF.Flavor-Fusion";
				PRODUCT_NAME = "$(TARGET_NAME)";
				RUN_DOCUMENTATION_COMPILER = NO;
				SDKROOT = auto;
				SUPPORTED_PLATFORMS = "iphoneos iphonesimulator macosx";
				SWIFT_EMIT_LOC_STRINGS = YES;
				SWIFT_VERSION = 5.0;
				TARGETED_DEVICE_FAMILY = "1,2";
			};
			name = Release;
		};
		BE02B81B2B719AA10093AA4F /* Debug */ = {
			isa = XCBuildConfiguration;
			buildSettings = {
				ALWAYS_EMBED_SWIFT_STANDARD_LIBRARIES = YES;
				BUNDLE_LOADER = "$(TEST_HOST)";
				CODE_SIGN_STYLE = Automatic;
				CURRENT_PROJECT_VERSION = 1;
				DEAD_CODE_STRIPPING = YES;
				DEVELOPMENT_TEAM = 55F8S74UUY;
				GENERATE_INFOPLIST_FILE = YES;
				IPHONEOS_DEPLOYMENT_TARGET = 17.0;
				MACOSX_DEPLOYMENT_TARGET = 14.0;
				MARKETING_VERSION = 1.0;
				PRODUCT_BUNDLE_IDENTIFIER = "FF.Flavor-FusionTests";
				PRODUCT_NAME = "$(TARGET_NAME)";
				SDKROOT = auto;
				SUPPORTED_PLATFORMS = "iphoneos iphonesimulator macosx";
				SWIFT_EMIT_LOC_STRINGS = NO;
				SWIFT_VERSION = 5.0;
				TARGETED_DEVICE_FAMILY = "1,2";
				TEST_HOST = "$(BUILT_PRODUCTS_DIR)/Flavor Fusion.app/$(BUNDLE_EXECUTABLE_FOLDER_PATH)/Flavor Fusion";
			};
			name = Debug;
		};
		BE02B81C2B719AA10093AA4F /* Release */ = {
			isa = XCBuildConfiguration;
			buildSettings = {
				ALWAYS_EMBED_SWIFT_STANDARD_LIBRARIES = YES;
				BUNDLE_LOADER = "$(TEST_HOST)";
				CODE_SIGN_STYLE = Automatic;
				CURRENT_PROJECT_VERSION = 1;
				DEAD_CODE_STRIPPING = YES;
				DEVELOPMENT_TEAM = 55F8S74UUY;
				GENERATE_INFOPLIST_FILE = YES;
				IPHONEOS_DEPLOYMENT_TARGET = 17.0;
				MACOSX_DEPLOYMENT_TARGET = 14.0;
				MARKETING_VERSION = 1.0;
				PRODUCT_BUNDLE_IDENTIFIER = "FF.Flavor-FusionTests";
				PRODUCT_NAME = "$(TARGET_NAME)";
				SDKROOT = auto;
				SUPPORTED_PLATFORMS = "iphoneos iphonesimulator macosx";
				SWIFT_EMIT_LOC_STRINGS = NO;
				SWIFT_VERSION = 5.0;
				TARGETED_DEVICE_FAMILY = "1,2";
				TEST_HOST = "$(BUILT_PRODUCTS_DIR)/Flavor Fusion.app/$(BUNDLE_EXECUTABLE_FOLDER_PATH)/Flavor Fusion";
			};
			name = Release;
		};
		BE02B81E2B719AA10093AA4F /* Debug */ = {
			isa = XCBuildConfiguration;
			buildSettings = {
				ALWAYS_EMBED_SWIFT_STANDARD_LIBRARIES = YES;
				CODE_SIGN_STYLE = Automatic;
				CURRENT_PROJECT_VERSION = 1;
				DEAD_CODE_STRIPPING = YES;
				DEVELOPMENT_TEAM = 55F8S74UUY;
				GENERATE_INFOPLIST_FILE = YES;
				IPHONEOS_DEPLOYMENT_TARGET = 17.0;
				MACOSX_DEPLOYMENT_TARGET = 14.0;
				MARKETING_VERSION = 1.0;
				PRODUCT_BUNDLE_IDENTIFIER = "FF.Flavor-FusionUITests";
				PRODUCT_NAME = "$(TARGET_NAME)";
				SDKROOT = auto;
				SUPPORTED_PLATFORMS = "iphoneos iphonesimulator macosx";
				SWIFT_EMIT_LOC_STRINGS = NO;
				SWIFT_VERSION = 5.0;
				TARGETED_DEVICE_FAMILY = "1,2";
				TEST_TARGET_NAME = "Flavor Fusion";
			};
			name = Debug;
		};
		BE02B81F2B719AA10093AA4F /* Release */ = {
			isa = XCBuildConfiguration;
			buildSettings = {
				ALWAYS_EMBED_SWIFT_STANDARD_LIBRARIES = YES;
				CODE_SIGN_STYLE = Automatic;
				CURRENT_PROJECT_VERSION = 1;
				DEAD_CODE_STRIPPING = YES;
				DEVELOPMENT_TEAM = 55F8S74UUY;
				GENERATE_INFOPLIST_FILE = YES;
				IPHONEOS_DEPLOYMENT_TARGET = 17.0;
				MACOSX_DEPLOYMENT_TARGET = 14.0;
				MARKETING_VERSION = 1.0;
				PRODUCT_BUNDLE_IDENTIFIER = "FF.Flavor-FusionUITests";
				PRODUCT_NAME = "$(TARGET_NAME)";
				SDKROOT = auto;
				SUPPORTED_PLATFORMS = "iphoneos iphonesimulator macosx";
				SWIFT_EMIT_LOC_STRINGS = NO;
				SWIFT_VERSION = 5.0;
				TARGETED_DEVICE_FAMILY = "1,2";
				TEST_TARGET_NAME = "Flavor Fusion";
			};
			name = Release;
		};
/* End XCBuildConfiguration section */

/* Begin XCConfigurationList section */
		BE02B7ED2B719A9F0093AA4F /* Build configuration list for PBXProject "Flavor Fusion" */ = {
			isa = XCConfigurationList;
			buildConfigurations = (
				BE02B8152B719AA10093AA4F /* Debug */,
				BE02B8162B719AA10093AA4F /* Release */,
			);
			defaultConfigurationIsVisible = 0;
			defaultConfigurationName = Release;
		};
		BE02B8172B719AA10093AA4F /* Build configuration list for PBXNativeTarget "Flavor Fusion" */ = {
			isa = XCConfigurationList;
			buildConfigurations = (
				BE02B8182B719AA10093AA4F /* Debug */,
				BE02B8192B719AA10093AA4F /* Release */,
			);
			defaultConfigurationIsVisible = 0;
			defaultConfigurationName = Release;
		};
		BE02B81A2B719AA10093AA4F /* Build configuration list for PBXNativeTarget "Flavor FusionTests" */ = {
			isa = XCConfigurationList;
			buildConfigurations = (
				BE02B81B2B719AA10093AA4F /* Debug */,
				BE02B81C2B719AA10093AA4F /* Release */,
			);
			defaultConfigurationIsVisible = 0;
			defaultConfigurationName = Release;
		};
		BE02B81D2B719AA10093AA4F /* Build configuration list for PBXNativeTarget "Flavor FusionUITests" */ = {
			isa = XCConfigurationList;
			buildConfigurations = (
				BE02B81E2B719AA10093AA4F /* Debug */,
				BE02B81F2B719AA10093AA4F /* Release */,
			);
			defaultConfigurationIsVisible = 0;
			defaultConfigurationName = Release;
		};
/* End XCConfigurationList section */
	};
	rootObject = BE02B7EA2B719A9F0093AA4F /* Project object */;
}
